
Microsoft Visual Studio Solution File, Format Version 12.00
# Visual Studio Version 17
VisualStudioVersion = 17.9.34616.47
MinimumVisualStudioVersion = 10.0.40219.1
Project("{FAE04EC0-301F-11D3-BF4B-00C04F79EFBC}") = "ShoppingList.Core", "ShoppingList.Core\ShoppingList.Core.csproj", "{B39332D1-3B93-4627-8312-5481674434A9}"
EndProject
Project("{FAE04EC0-301F-11D3-BF4B-00C04F79EFBC}") = "ShoppingList.Desktop", "ShoppingList.Desktop\ShoppingList.Desktop.csproj", "{941136BA-AB5E-4366-9465-ED6BF1B1846A}"
EndProject
Project("{FAE04EC0-301F-11D3-BF4B-00C04F79EFBC}") = "ShoppingList.API", "ShoppingList.API\ShoppingList.API.csproj", "{DBFE40C9-D288-4245-B4D6-AB6DC67CDC84}"
EndProject
Global
	GlobalSection(SolutionConfigurationPlatforms) = preSolution
		Debug|Any CPU = Debug|Any CPU
		Release|Any CPU = Release|Any CPU
	EndGlobalSection
	GlobalSection(ProjectConfigurationPlatforms) = postSolution
		{B39332D1-3B93-4627-8312-5481674434A9}.Debug|Any CPU.ActiveCfg = Debug|Any CPU
		{B39332D1-3B93-4627-8312-5481674434A9}.Debug|Any CPU.Build.0 = Debug|Any CPU
		{B39332D1-3B93-4627-8312-5481674434A9}.Release|Any CPU.ActiveCfg = Release|Any CPU
		{B39332D1-3B93-4627-8312-5481674434A9}.Release|Any CPU.Build.0 = Release|Any CPU
		{941136BA-AB5E-4366-9465-ED6BF1B1846A}.Debug|Any CPU.ActiveCfg = Debug|Any CPU
		{941136BA-AB5E-4366-9465-ED6BF1B1846A}.Debug|Any CPU.Build.0 = Debug|Any CPU
		{941136BA-AB5E-4366-9465-ED6BF1B1846A}.Release|Any CPU.ActiveCfg = Release|Any CPU
		{941136BA-AB5E-4366-9465-ED6BF1B1846A}.Release|Any CPU.Build.0 = Release|Any CPU
		{DBFE40C9-D288-4245-B4D6-AB6DC67CDC84}.Debug|Any CPU.ActiveCfg = Debug|Any CPU
		{DBFE40C9-D288-4245-B4D6-AB6DC67CDC84}.Debug|Any CPU.Build.0 = Debug|Any CPU
		{DBFE40C9-D288-4245-B4D6-AB6DC67CDC84}.Release|Any CPU.ActiveCfg = Release|Any CPU
		{DBFE40C9-D288-4245-B4D6-AB6DC67CDC84}.Release|Any CPU.Build.0 = Release|Any CPU
	EndGlobalSection
	GlobalSection(SolutionProperties) = preSolution
		HideSolutionNode = FALSE
	EndGlobalSection
	GlobalSection(ExtensibilityGlobals) = postSolution
		SolutionGuid = {270909BC-67BD-4515-808E-D922335296BA}
	EndGlobalSection
EndGlobal
